
Microsoft Visual Studio Solution File, Format Version 12.00
# Visual Studio Version 16
VisualStudioVersion = 25.0.1705.2
MinimumVisualStudioVersion = 10.0.40219.1
Project("{FAE04EC0-301F-11D3-BF4B-00C04F79EFBC}") = "Blog.Web.Mvc", "Blog.Web.Mvc\Blog.Web.Mvc.csproj", "{9A742E23-70CA-44B0-BB06-7F8013CB5C22}"
EndProject
Global
	GlobalSection(SolutionConfigurationPlatforms) = preSolution
		Debug|Any CPU = Debug|Any CPU
		Release|Any CPU = Release|Any CPU
	EndGlobalSection
	GlobalSection(ProjectConfigurationPlatforms) = postSolution
		{9A742E23-70CA-44B0-BB06-7F8013CB5C22}.Debug|Any CPU.ActiveCfg = Debug|Any CPU
		{9A742E23-70CA-44B0-BB06-7F8013CB5C22}.Debug|Any CPU.Build.0 = Debug|Any CPU
		{9A742E23-70CA-44B0-BB06-7F8013CB5C22}.Release|Any CPU.ActiveCfg = Release|Any CPU
		{9A742E23-70CA-44B0-BB06-7F8013CB5C22}.Release|Any CPU.Build.0 = Release|Any CPU
	EndGlobalSection
	GlobalSection(SolutionProperties) = preSolution
		HideSolutionNode = FALSE
	EndGlobalSection
	GlobalSection(ExtensibilityGlobals) = postSolution
		SolutionGuid = {4E9D835C-256E-447D-8DC2-C41CCA539129}
	EndGlobalSection
EndGlobal
